Microsoft Visual Studio Solution File, Format Version 8.00
Project("{8BC9CEB8-8B4A-11D0-8D11-00A0C91BC942}") = "main", "main\main.vcproj", "{71C6FAE1-9384-4F2E-B952-DB6ED0CF8448}"
	ProjectSection(ProjectDependencies) = postProject
		{5F101F18-E040-485B-AD3F-E77EE22C2F79} = {5F101F18-E040-485B-AD3F-E77EE22C2F79}
		{B4A21C1C-7E14-4FF5-86B1-AA4F88005202} = {B4A21C1C-7E14-4FF5-86B1-AA4F88005202}
		{9E43CF71-E681-4283-8E57-7764404737AF} = {9E43CF71-E681-4283-8E57-7764404737AF}
		{D756D299-9CDA-4423-875A-D935961DCF75} = {D756D299-9CDA-4423-875A-D935961DCF75}
		{176C64A0-20FA-41D0-90D2-84AAE21F684C} = {176C64A0-20FA-41D0-90D2-84AAE21F684C}
		{03F3F7A0-1752-47F5-8EE0-4AEAAC970E73} = {03F3F7A0-1752-47F5-8EE0-4AEAAC970E73}
		{8546ACCC-2F42-4157-B469-1D150DA642D5} = {8546ACCC-2F42-4157-B469-1D150DA642D5}
		{D2B7BBDE-2A2A-4C57-BC9D-054CA73B7077} = {D2B7BBDE-2A2A-4C57-BC9D-054CA73B7077}
		{657053EC-0E8E-4172-8762-D7D6F8C748B7} = {657053EC-0E8E-4172-8762-D7D6F8C748B7}
		{7F2601FC-844C-43FF-A3E9-B635FE82E461} = {7F2601FC-844C-43FF-A3E9-B635FE82E461}
	EndProjectSection
EndProject
Project("{8BC9CEB8-8B4A-11D0-8D11-00A0C91BC942}") = "mpcfg", "mpcfg\mpcfg.vcproj", "{7F2601FC-844C-43FF-A3E9-B635FE82E461}"
	ProjectSection(ProjectDependencies) = postProject
	EndProjectSection
EndProject
Project("{8BC9CEB8-8B4A-11D0-8D11-00A0C91BC942}") = "share", "share\share.vcproj", "{5F101F18-E040-485B-AD3F-E77EE22C2F79}"
	ProjectSection(ProjectDependencies) = postProject
	EndProjectSection
EndProject
Project("{8BC9CEB8-8B4A-11D0-8D11-00A0C91BC942}") = "httx", "httx\httx.vcproj", "{D756D299-9CDA-4423-875A-D935961DCF75}"
	ProjectSection(ProjectDependencies) = postProject
	EndProjectSection
EndProject
Project("{8BC9CEB8-8B4A-11D0-8D11-00A0C91BC942}") = "ppp", "ppp\ppp.vcproj", "{B4A21C1C-7E14-4FF5-86B1-AA4F88005202}"
	ProjectSection(ProjectDependencies) = postProject
	EndProjectSection
EndProject
Project("{8BC9CEB8-8B4A-11D0-8D11-00A0C91BC942}") = "lcd", "lcd\lcd.vcproj", "{176C64A0-20FA-41D0-90D2-84AAE21F684C}"
	ProjectSection(ProjectDependencies) = postProject
	EndProjectSection
EndProject
Project("{8BC9CEB8-8B4A-11D0-8D11-00A0C91BC942}") = "dbcj", "dbcj\dbcj.vcproj", "{03F3F7A0-1752-47F5-8EE0-4AEAAC970E73}"
	ProjectSection(ProjectDependencies) = postProject
	EndProjectSection
EndProject
Project("{8BC9CEB8-8B4A-11D0-8D11-00A0C91BC942}") = "WinosClient", "winclint\WinosClient.vcproj", "{B8EB3BC9-09F7-4CB2-9130-8F6F152D5EFF}"
	ProjectSection(ProjectDependencies) = postProject
		{5F101F18-E040-485B-AD3F-E77EE22C2F79} = {5F101F18-E040-485B-AD3F-E77EE22C2F79}
		{B4A21C1C-7E14-4FF5-86B1-AA4F88005202} = {B4A21C1C-7E14-4FF5-86B1-AA4F88005202}
		{1B30E051-5F3B-4AD8-B325-E3F6EC980239} = {1B30E051-5F3B-4AD8-B325-E3F6EC980239}
		{9E43CF71-E681-4283-8E57-7764404737AF} = {9E43CF71-E681-4283-8E57-7764404737AF}
		{D756D299-9CDA-4423-875A-D935961DCF75} = {D756D299-9CDA-4423-875A-D935961DCF75}
		{176C64A0-20FA-41D0-90D2-84AAE21F684C} = {176C64A0-20FA-41D0-90D2-84AAE21F684C}
		{03F3F7A0-1752-47F5-8EE0-4AEAAC970E73} = {03F3F7A0-1752-47F5-8EE0-4AEAAC970E73}
		{D2B7BBDE-2A2A-4C57-BC9D-054CA73B7077} = {D2B7BBDE-2A2A-4C57-BC9D-054CA73B7077}
		{657053EC-0E8E-4172-8762-D7D6F8C748B7} = {657053EC-0E8E-4172-8762-D7D6F8C748B7}
		{7F2601FC-844C-43FF-A3E9-B635FE82E461} = {7F2601FC-844C-43FF-A3E9-B635FE82E461}
	EndProjectSection
EndProject
Project("{8BC9CEB8-8B4A-11D0-8D11-00A0C91BC942}") = "jlcy", "jlcy\jlcy.vcproj", "{657053EC-0E8E-4172-8762-D7D6F8C748B7}"
	ProjectSection(ProjectDependencies) = postProject
	EndProjectSection
EndProject
Project("{8BC9CEB8-8B4A-11D0-8D11-00A0C91BC942}") = "fhkz", "fhkz\fhkz.vcproj", "{9E43CF71-E681-4283-8E57-7764404737AF}"
	ProjectSection(ProjectDependencies) = postProject
	EndProjectSection
EndProject
Project("{8BC9CEB8-8B4A-11D0-8D11-00A0C91BC942}") = "ctcy", "ctcy\ctcy.vcproj", "{D2B7BBDE-2A2A-4C57-BC9D-054CA73B7077}"
	ProjectSection(ProjectDependencies) = postProject
	EndProjectSection
EndProject
Project("{8BC9CEB8-8B4A-11D0-8D11-00A0C91BC942}") = "zone_def", "zone_def\zone_def.vcproj", "{8546ACCC-2F42-4157-B469-1D150DA642D5}"
	ProjectSection(ProjectDependencies) = postProject
	EndProjectSection
EndProject
Project("{8BC9CEB8-8B4A-11D0-8D11-00A0C91BC942}") = "zone_gz", "zone_gz\zone_gz.vcproj", "{1B30E051-5F3B-4AD8-B325-E3F6EC980239}"
	ProjectSection(ProjectDependencies) = postProject
	EndProjectSection
EndProject
Project("{8BC9CEB8-8B4A-11D0-8D11-00A0C91BC942}") = "rftx", "rftx\rftx.vcproj", "{A2BF18A7-488B-4456-B98B-9261B569A627}"
	ProjectSection(ProjectDependencies) = postProject
	EndProjectSection
EndProject
Global
	GlobalSection(SolutionConfiguration) = preSolution
		Debug = Debug
		Release = Release
	EndGlobalSection
	GlobalSection(ProjectConfiguration) = postSolution
		{71C6FAE1-9384-4F2E-B952-DB6ED0CF8448}.Debug.ActiveCfg = Debug|Win32
		{71C6FAE1-9384-4F2E-B952-DB6ED0CF8448}.Debug.Build.0 = Debug|Win32
		{71C6FAE1-9384-4F2E-B952-DB6ED0CF8448}.Release.ActiveCfg = Release|Win32
		{71C6FAE1-9384-4F2E-B952-DB6ED0CF8448}.Release.Build.0 = Release|Win32
		{7F2601FC-844C-43FF-A3E9-B635FE82E461}.Debug.ActiveCfg = Debug|Win32
		{7F2601FC-844C-43FF-A3E9-B635FE82E461}.Debug.Build.0 = Debug|Win32
		{7F2601FC-844C-43FF-A3E9-B635FE82E461}.Release.ActiveCfg = Release|Win32
		{7F2601FC-844C-43FF-A3E9-B635FE82E461}.Release.Build.0 = Release|Win32
		{5F101F18-E040-485B-AD3F-E77EE22C2F79}.Debug.ActiveCfg = Debug|Win32
		{5F101F18-E040-485B-AD3F-E77EE22C2F79}.Debug.Build.0 = Debug|Win32
		{5F101F18-E040-485B-AD3F-E77EE22C2F79}.Release.ActiveCfg = Release|Win32
		{5F101F18-E040-485B-AD3F-E77EE22C2F79}.Release.Build.0 = Release|Win32
		{D756D299-9CDA-4423-875A-D935961DCF75}.Debug.ActiveCfg = Debug|Win32
		{D756D299-9CDA-4423-875A-D935961DCF75}.Debug.Build.0 = Debug|Win32
		{D756D299-9CDA-4423-875A-D935961DCF75}.Release.ActiveCfg = Release|Win32
		{D756D299-9CDA-4423-875A-D935961DCF75}.Release.Build.0 = Release|Win32
		{B4A21C1C-7E14-4FF5-86B1-AA4F88005202}.Debug.ActiveCfg = Debug|Win32
		{B4A21C1C-7E14-4FF5-86B1-AA4F88005202}.Debug.Build.0 = Debug|Win32
		{B4A21C1C-7E14-4FF5-86B1-AA4F88005202}.Release.ActiveCfg = Release|Win32
		{B4A21C1C-7E14-4FF5-86B1-AA4F88005202}.Release.Build.0 = Release|Win32
		{176C64A0-20FA-41D0-90D2-84AAE21F684C}.Debug.ActiveCfg = Debug|Win32
		{176C64A0-20FA-41D0-90D2-84AAE21F684C}.Debug.Build.0 = Debug|Win32
		{176C64A0-20FA-41D0-90D2-84AAE21F684C}.Release.ActiveCfg = Release|Win32
		{176C64A0-20FA-41D0-90D2-84AAE21F684C}.Release.Build.0 = Release|Win32
		{03F3F7A0-1752-47F5-8EE0-4AEAAC970E73}.Debug.ActiveCfg = Debug|Win32
		{03F3F7A0-1752-47F5-8EE0-4AEAAC970E73}.Debug.Build.0 = Debug|Win32
		{03F3F7A0-1752-47F5-8EE0-4AEAAC970E73}.Release.ActiveCfg = Release|Win32
		{03F3F7A0-1752-47F5-8EE0-4AEAAC970E73}.Release.Build.0 = Release|Win32
		{B8EB3BC9-09F7-4CB2-9130-8F6F152D5EFF}.Debug.ActiveCfg = Debug|Win32
		{B8EB3BC9-09F7-4CB2-9130-8F6F152D5EFF}.Debug.Build.0 = Debug|Win32
		{B8EB3BC9-09F7-4CB2-9130-8F6F152D5EFF}.Release.ActiveCfg = Release|Win32
		{B8EB3BC9-09F7-4CB2-9130-8F6F152D5EFF}.Release.Build.0 = Release|Win32
		{657053EC-0E8E-4172-8762-D7D6F8C748B7}.Debug.ActiveCfg = Debug|Win32
		{657053EC-0E8E-4172-8762-D7D6F8C748B7}.Debug.Build.0 = Debug|Win32
		{657053EC-0E8E-4172-8762-D7D6F8C748B7}.Release.ActiveCfg = Release|Win32
		{657053EC-0E8E-4172-8762-D7D6F8C748B7}.Release.Build.0 = Release|Win32
		{9E43CF71-E681-4283-8E57-7764404737AF}.Debug.ActiveCfg = Debug|Win32
		{9E43CF71-E681-4283-8E57-7764404737AF}.Debug.Build.0 = Debug|Win32
		{9E43CF71-E681-4283-8E57-7764404737AF}.Release.ActiveCfg = Release|Win32
		{9E43CF71-E681-4283-8E57-7764404737AF}.Release.Build.0 = Release|Win32
		{D2B7BBDE-2A2A-4C57-BC9D-054CA73B7077}.Debug.ActiveCfg = Debug|Win32
		{D2B7BBDE-2A2A-4C57-BC9D-054CA73B7077}.Debug.Build.0 = Debug|Win32
		{D2B7BBDE-2A2A-4C57-BC9D-054CA73B7077}.Release.ActiveCfg = Release|Win32
		{D2B7BBDE-2A2A-4C57-BC9D-054CA73B7077}.Release.Build.0 = Release|Win32
		{8546ACCC-2F42-4157-B469-1D150DA642D5}.Debug.ActiveCfg = Debug|Win32
		{8546ACCC-2F42-4157-B469-1D150DA642D5}.Debug.Build.0 = Debug|Win32
		{8546ACCC-2F42-4157-B469-1D150DA642D5}.Release.ActiveCfg = Release|Win32
		{8546ACCC-2F42-4157-B469-1D150DA642D5}.Release.Build.0 = Release|Win32
		{1B30E051-5F3B-4AD8-B325-E3F6EC980239}.Debug.ActiveCfg = Debug|Win32
		{1B30E051-5F3B-4AD8-B325-E3F6EC980239}.Debug.Build.0 = Debug|Win32
		{1B30E051-5F3B-4AD8-B325-E3F6EC980239}.Release.ActiveCfg = Release|Win32
		{1B30E051-5F3B-4AD8-B325-E3F6EC980239}.Release.Build.0 = Release|Win32
		{A2BF18A7-488B-4456-B98B-9261B569A627}.Debug.ActiveCfg = Debug|Win32
		{A2BF18A7-488B-4456-B98B-9261B569A627}.Debug.Build.0 = Debug|Win32
		{A2BF18A7-488B-4456-B98B-9261B569A627}.Release.ActiveCfg = Release|Win32
		{A2BF18A7-488B-4456-B98B-9261B569A627}.Release.Build.0 = Release|Win32
	EndGlobalSection
	GlobalSection(ExtensibilityGlobals) = postSolution
	EndGlobalSection
	GlobalSection(ExtensibilityAddIns) = postSolution
	EndGlobalSection
EndGlobal
